
Microsoft Visual Studio Solution File, Format Version 12.00
# Visual Studio Version 17
VisualStudioVersion = 17.6.33723.286
MinimumVisualStudioVersion = 10.0.40219.1
Project("{FAE04EC0-301F-11D3-BF4B-00C04F79EFBC}") = "backend-asp-net-core", "backend-asp-net-core.csproj", "{5B496E7E-8B75-472A-BB9E-A8423A86FC77}"
EndProject
Global
	GlobalSection(SolutionConfigurationPlatforms) = preSolution
		Debug|Any CPU = Debug|Any CPU
		Release|Any CPU = Release|Any CPU
	EndGlobalSection
	GlobalSection(ProjectConfigurationPlatforms) = postSolution
		{5B496E7E-8B75-472A-BB9E-A8423A86FC77}.Debug|Any CPU.ActiveCfg = Debug|Any CPU
		{5B496E7E-8B75-472A-BB9E-A8423A86FC77}.Debug|Any CPU.Build.0 = Debug|Any CPU
		{5B496E7E-8B75-472A-BB9E-A8423A86FC77}.Release|Any CPU.ActiveCfg = Release|Any CPU
		{5B496E7E-8B75-472A-BB9E-A8423A86FC77}.Release|Any CPU.Build.0 = Release|Any CPU
	EndGlobalSection
	GlobalSection(SolutionProperties) = preSolution
		HideSolutionNode = FALSE
	EndGlobalSection
	GlobalSection(ExtensibilityGlobals) = postSolution
		SolutionGuid = {8505653F-D607-498C-B493-504C617B4858}
	EndGlobalSection
EndGlobal
